
Microsoft Visual Studio Solution File, Format Version 12.00
# Visual Studio Version 16
VisualStudioVersion = 16.0.30717.126
MinimumVisualStudioVersion = 10.0.40219.1
Project("{FAE04EC0-301F-11D3-BF4B-00C04F79EFBC}") = "ConsoleApp", "ConsoleApp.csproj", "{9E5A7396-C2D6-474F-B88B-8EAAA272A25F}"
EndProject
Project("{FAE04EC0-301F-11D3-BF4B-00C04F79EFBC}") = "UnitTestProject", "..\UnitTestProject\UnitTestProject.csproj", "{80EAD147-3FB7-4F55-9930-84E84B4B93B6}"
EndProject
Global
	GlobalSection(SolutionConfigurationPlatforms) = preSolution
		Debug|Any CPU = Debug|Any CPU
		Release|Any CPU = Release|Any CPU
	EndGlobalSection
	GlobalSection(ProjectConfigurationPlatforms) = postSolution
		{9E5A7396-C2D6-474F-B88B-8EAAA272A25F}.Debug|Any CPU.ActiveCfg = Debug|Any CPU
		{9E5A7396-C2D6-474F-B88B-8EAAA272A25F}.Debug|Any CPU.Build.0 = Debug|Any CPU
		{9E5A7396-C2D6-474F-B88B-8EAAA272A25F}.Release|Any CPU.ActiveCfg = Release|Any CPU
		{9E5A7396-C2D6-474F-B88B-8EAAA272A25F}.Release|Any CPU.Build.0 = Release|Any CPU
		{80EAD147-3FB7-4F55-9930-84E84B4B93B6}.Debug|Any CPU.ActiveCfg = Debug|Any CPU
		{80EAD147-3FB7-4F55-9930-84E84B4B93B6}.Debug|Any CPU.Build.0 = Debug|Any CPU
		{80EAD147-3FB7-4F55-9930-84E84B4B93B6}.Release|Any CPU.ActiveCfg = Release|Any CPU
		{80EAD147-3FB7-4F55-9930-84E84B4B93B6}.Release|Any CPU.Build.0 = Release|Any CPU
	EndGlobalSection
	GlobalSection(SolutionProperties) = preSolution
		HideSolutionNode = FALSE
	EndGlobalSection
	GlobalSection(ExtensibilityGlobals) = postSolution
		SolutionGuid = {D1E13431-9AA9-4E80-A678-A6936610E3BA}
	EndGlobalSection
EndGlobal
